
Microsoft Visual Studio Solution File, Format Version 12.00
# Visual Studio Version 17
VisualStudioVersion = 17.7.34031.279
MinimumVisualStudioVersion = 10.0.40219.1
Project("{FAE04EC0-301F-11D3-BF4B-00C04F79EFBC}") = "task08", "task08\task08.csproj", "{B3383BB8-BA69-4457-BDDB-7774165ED172}"
EndProject
Global
	GlobalSection(SolutionConfigurationPlatforms) = preSolution
		Debug|Any CPU = Debug|Any CPU
		Release|Any CPU = Release|Any CPU
	EndGlobalSection
	GlobalSection(ProjectConfigurationPlatforms) = postSolution
		{B3383BB8-BA69-4457-BDDB-7774165ED172}.Debug|Any CPU.ActiveCfg = Debug|Any CPU
		{B3383BB8-BA69-4457-BDDB-7774165ED172}.Debug|Any CPU.Build.0 = Debug|Any CPU
		{B3383BB8-BA69-4457-BDDB-7774165ED172}.Release|Any CPU.ActiveCfg = Release|Any CPU
		{B3383BB8-BA69-4457-BDDB-7774165ED172}.Release|Any CPU.Build.0 = Release|Any CPU
	EndGlobalSection
	GlobalSection(SolutionProperties) = preSolution
		HideSolutionNode = FALSE
	EndGlobalSection
	GlobalSection(ExtensibilityGlobals) = postSolution
		SolutionGuid = {70363495-A8D8-445A-B2F1-1EF8E3788C33}
	EndGlobalSection
EndGlobal
