
Microsoft Visual Studio Solution File, Format Version 12.00
# Visual Studio Version 17
VisualStudioVersion = 17.11.35312.102
MinimumVisualStudioVersion = 10.0.40219.1
Project("{FAE04EC0-301F-11D3-BF4B-00C04F79EFBC}") = "экзамен", "экзамен\экзамен.csproj", "{AA0207C3-B096-4BA8-BE89-02A63FA9F97E}"
EndProject
Global
	GlobalSection(SolutionConfigurationPlatforms) = preSolution
		Debug|Any CPU = Debug|Any CPU
		Release|Any CPU = Release|Any CPU
	EndGlobalSection
	GlobalSection(ProjectConfigurationPlatforms) = postSolution
		{AA0207C3-B096-4BA8-BE89-02A63FA9F97E}.Debug|Any CPU.ActiveCfg = Debug|Any CPU
		{AA0207C3-B096-4BA8-BE89-02A63FA9F97E}.Debug|Any CPU.Build.0 = Debug|Any CPU
		{AA0207C3-B096-4BA8-BE89-02A63FA9F97E}.Release|Any CPU.ActiveCfg = Release|Any CPU
		{AA0207C3-B096-4BA8-BE89-02A63FA9F97E}.Release|Any CPU.Build.0 = Release|Any CPU
	EndGlobalSection
	GlobalSection(SolutionProperties) = preSolution
		HideSolutionNode = FALSE
	EndGlobalSection
	GlobalSection(ExtensibilityGlobals) = postSolution
		SolutionGuid = {A7AE271B-83D1-4A83-A227-2211D07220BB}
	EndGlobalSection
EndGlobal
