
Microsoft Visual Studio Solution File, Format Version 12.00
# Visual Studio Version 17
VisualStudioVersion = 17.7.34031.279
MinimumVisualStudioVersion = 10.0.40219.1
Project("{FAE04EC0-301F-11D3-BF4B-00C04F79EFBC}") = "task6.1", "task6.1\task6.1.csproj", "{4B70013A-D77C-41F5-8D96-0D9D0AB91905}"
EndProject
Global
	GlobalSection(SolutionConfigurationPlatforms) = preSolution
		Debug|Any CPU = Debug|Any CPU
		Release|Any CPU = Release|Any CPU
	EndGlobalSection
	GlobalSection(ProjectConfigurationPlatforms) = postSolution
		{4B70013A-D77C-41F5-8D96-0D9D0AB91905}.Debug|Any CPU.ActiveCfg = Debug|Any CPU
		{4B70013A-D77C-41F5-8D96-0D9D0AB91905}.Debug|Any CPU.Build.0 = Debug|Any CPU
		{4B70013A-D77C-41F5-8D96-0D9D0AB91905}.Release|Any CPU.ActiveCfg = Release|Any CPU
		{4B70013A-D77C-41F5-8D96-0D9D0AB91905}.Release|Any CPU.Build.0 = Release|Any CPU
	EndGlobalSection
	GlobalSection(SolutionProperties) = preSolution
		HideSolutionNode = FALSE
	EndGlobalSection
	GlobalSection(ExtensibilityGlobals) = postSolution
		SolutionGuid = {7995E2E4-3CF2-4481-B97D-F4D77FC7A374}
	EndGlobalSection
EndGlobal
