
Microsoft Visual Studio Solution File, Format Version 12.00
# Visual Studio Version 17
VisualStudioVersion = 17.11.35312.102
MinimumVisualStudioVersion = 10.0.40219.1
Project("{FAE04EC0-301F-11D3-BF4B-00C04F79EFBC}") = "task16", "task16\task16.csproj", "{2F46E6B0-CB1E-44C6-9E2D-B1CE4530766A}"
EndProject
Project("{FAE04EC0-301F-11D3-BF4B-00C04F79EFBC}") = "task16Tests", "task16Tests\task16Tests.csproj", "{8FE4C0ED-F915-4105-9E4A-BC61E43BC29D}"
EndProject
Global
	GlobalSection(SolutionConfigurationPlatforms) = preSolution
		Debug|Any CPU = Debug|Any CPU
		Release|Any CPU = Release|Any CPU
	EndGlobalSection
	GlobalSection(ProjectConfigurationPlatforms) = postSolution
		{2F46E6B0-CB1E-44C6-9E2D-B1CE4530766A}.Debug|Any CPU.ActiveCfg = Debug|Any CPU
		{2F46E6B0-CB1E-44C6-9E2D-B1CE4530766A}.Debug|Any CPU.Build.0 = Debug|Any CPU
		{2F46E6B0-CB1E-44C6-9E2D-B1CE4530766A}.Release|Any CPU.ActiveCfg = Release|Any CPU
		{2F46E6B0-CB1E-44C6-9E2D-B1CE4530766A}.Release|Any CPU.Build.0 = Release|Any CPU
		{8FE4C0ED-F915-4105-9E4A-BC61E43BC29D}.Debug|Any CPU.ActiveCfg = Debug|Any CPU
		{8FE4C0ED-F915-4105-9E4A-BC61E43BC29D}.Debug|Any CPU.Build.0 = Debug|Any CPU
		{8FE4C0ED-F915-4105-9E4A-BC61E43BC29D}.Release|Any CPU.ActiveCfg = Release|Any CPU
		{8FE4C0ED-F915-4105-9E4A-BC61E43BC29D}.Release|Any CPU.Build.0 = Release|Any CPU
	EndGlobalSection
	GlobalSection(SolutionProperties) = preSolution
		HideSolutionNode = FALSE
	EndGlobalSection
	GlobalSection(ExtensibilityGlobals) = postSolution
		SolutionGuid = {079CF1BD-7BEA-4EA5-9433-B15C11476AF4}
	EndGlobalSection
EndGlobal
