
Microsoft Visual Studio Solution File, Format Version 12.00
# Visual Studio Version 17
VisualStudioVersion = 17.7.34031.279
MinimumVisualStudioVersion = 10.0.40219.1
Project("{FAE04EC0-301F-11D3-BF4B-00C04F79EFBC}") = "task04", "task04\task04.csproj", "{3EE566C7-4913-4FA8-9736-916FA05A6FEA}"
EndProject
Global
	GlobalSection(SolutionConfigurationPlatforms) = preSolution
		Debug|Any CPU = Debug|Any CPU
		Release|Any CPU = Release|Any CPU
	EndGlobalSection
	GlobalSection(ProjectConfigurationPlatforms) = postSolution
		{3EE566C7-4913-4FA8-9736-916FA05A6FEA}.Debug|Any CPU.ActiveCfg = Debug|Any CPU
		{3EE566C7-4913-4FA8-9736-916FA05A6FEA}.Debug|Any CPU.Build.0 = Debug|Any CPU
		{3EE566C7-4913-4FA8-9736-916FA05A6FEA}.Release|Any CPU.ActiveCfg = Release|Any CPU
		{3EE566C7-4913-4FA8-9736-916FA05A6FEA}.Release|Any CPU.Build.0 = Release|Any CPU
	EndGlobalSection
	GlobalSection(SolutionProperties) = preSolution
		HideSolutionNode = FALSE
	EndGlobalSection
	GlobalSection(ExtensibilityGlobals) = postSolution
		SolutionGuid = {16FFD3E8-7231-4B5B-9AE8-E24499930879}
	EndGlobalSection
EndGlobal
