
Microsoft Visual Studio Solution File, Format Version 12.00
# Visual Studio Version 17
VisualStudioVersion = 17.11.35312.102
MinimumVisualStudioVersion = 10.0.40219.1
Project("{FAE04EC0-301F-11D3-BF4B-00C04F79EFBC}") = "task10-01", "task10-01\task10-01.csproj", "{6C293419-6174-4E92-9B8A-2EB58FC8062A}"
EndProject
Global
	GlobalSection(SolutionConfigurationPlatforms) = preSolution
		Debug|Any CPU = Debug|Any CPU
		Release|Any CPU = Release|Any CPU
	EndGlobalSection
	GlobalSection(ProjectConfigurationPlatforms) = postSolution
		{6C293419-6174-4E92-9B8A-2EB58FC8062A}.Debug|Any CPU.ActiveCfg = Debug|Any CPU
		{6C293419-6174-4E92-9B8A-2EB58FC8062A}.Debug|Any CPU.Build.0 = Debug|Any CPU
		{6C293419-6174-4E92-9B8A-2EB58FC8062A}.Release|Any CPU.ActiveCfg = Release|Any CPU
		{6C293419-6174-4E92-9B8A-2EB58FC8062A}.Release|Any CPU.Build.0 = Release|Any CPU
	EndGlobalSection
	GlobalSection(SolutionProperties) = preSolution
		HideSolutionNode = FALSE
	EndGlobalSection
	GlobalSection(ExtensibilityGlobals) = postSolution
		SolutionGuid = {5EDA296A-2261-4031-95C3-EB5440B66454}
	EndGlobalSection
EndGlobal
